// !$*UTF8*$!
{
	archiveVersion = 1;
	classes = {
	};
	objectVersion = 56;
	objects = {

/* Begin PBXBuildFile section */
		292A6B782C5B40900082D6FC /* AppDelegate.swift in Sources */ = {isa = PBXBuildFile; fileRef = 292A6B772C5B40900082D6FC /* AppDelegate.swift */; };
		292A6B7A2C5B40900082D6FC /* SceneDelegate.swift in Sources */ = {isa = PBXBuildFile; fileRef = 292A6B792C5B40900082D6FC /* SceneDelegate.swift */; };
		292A6B7C2C5B40900082D6FC /* EditPageVC.swift in Sources */ = {isa = PBXBuildFile; fileRef = 292A6B7B2C5B40900082D6FC /* EditPageVC.swift */; };
		292A6B7F2C5B40900082D6FC /* Base in Resources */ = {isa = PBXBuildFile; fileRef = 292A6B7E2C5B40900082D6FC /* Base */; };
		292A6B812C5B40920082D6FC /* Assets.xcassets in Resources */ = {isa = PBXBuildFile; fileRef = 292A6B802C5B40920082D6FC /* Assets.xcassets */; };
		292A6B842C5B40920082D6FC /* Base in Resources */ = {isa = PBXBuildFile; fileRef = 292A6B832C5B40920082D6FC /* Base */; };
		292A6B912C5B41D10082D6FC /* EditPageVM.swift in Sources */ = {isa = PBXBuildFile; fileRef = 292A6B902C5B41D10082D6FC /* EditPageVM.swift */; };
		292A6B932C5B41D80082D6FC /* PEditPageVM.swift in Sources */ = {isa = PBXBuildFile; fileRef = 292A6B922C5B41D80082D6FC /* PEditPageVM.swift */; };
		292A6B952C5B42070082D6FC /* UserCredentials.swift in Sources */ = {isa = PBXBuildFile; fileRef = 292A6B942C5B42070082D6FC /* UserCredentials.swift */; };
		292A6B992C5BA0B50082D6FC /* EditNavigationView.swift in Sources */ = {isa = PBXBuildFile; fileRef = 292A6B972C5BA0B50082D6FC /* EditNavigationView.swift */; };
		292A6B9C2C5BA5CF0082D6FC /* EditNavigationView.xib in Resources */ = {isa = PBXBuildFile; fileRef = 292A6B9B2C5BA5CF0082D6FC /* EditNavigationView.xib */; };
		292A6BA32C5BBBBA0082D6FC /* EditAvatarView.xib in Resources */ = {isa = PBXBuildFile; fileRef = 292A6BA22C5BBBBA0082D6FC /* EditAvatarView.xib */; };
		292A6BA52C5BBBC40082D6FC /* EditAvatarView.swift in Sources */ = {isa = PBXBuildFile; fileRef = 292A6BA42C5BBBC40082D6FC /* EditAvatarView.swift */; };
		292A6BA72C5BC4A20082D6FC /* ImagePicker.swift in Sources */ = {isa = PBXBuildFile; fileRef = 292A6BA62C5BC4A20082D6FC /* ImagePicker.swift */; };
		292A6BAA2C5BCD3E0082D6FC /* PValidator.swift in Sources */ = {isa = PBXBuildFile; fileRef = 292A6BA92C5BCD3E0082D6FC /* PValidator.swift */; };
		292A6BAC2C5BCF980082D6FC /* KeychainManager.swift in Sources */ = {isa = PBXBuildFile; fileRef = 292A6BAB2C5BCF980082D6FC /* KeychainManager.swift */; };
		292A6BB02C5BD0790082D6FC /* EditFileManager.swift in Sources */ = {isa = PBXBuildFile; fileRef = 292A6BAF2C5BD0790082D6FC /* EditFileManager.swift */; };
		292A6BB32C5C2B520082D6FC /* EditTextFieldView.xib in Resources */ = {isa = PBXBuildFile; fileRef = 292A6BB22C5C2B520082D6FC /* EditTextFieldView.xib */; };
		292A6BB52C5C2B590082D6FC /* EditTextFieldView.swift in Sources */ = {isa = PBXBuildFile; fileRef = 292A6BB42C5C2B590082D6FC /* EditTextFieldView.swift */; };
		292A6BB82C5C2D0E0082D6FC /* PaddedTextField.swift in Sources */ = {isa = PBXBuildFile; fileRef = 292A6BB72C5C2D0E0082D6FC /* PaddedTextField.swift */; };
		292A6BBA2C5C559B0082D6FC /* AgeValidator.swift in Sources */ = {isa = PBXBuildFile; fileRef = 292A6BB92C5C559B0082D6FC /* AgeValidator.swift */; };
		292A6BBE2C5C55F70082D6FC /* PhotoSizeValidator.swift in Sources */ = {isa = PBXBuildFile; fileRef = 292A6BBD2C5C55F70082D6FC /* PhotoSizeValidator.swift */; };
		292A6BC02C5C62530082D6FC /* AlertManager.swift in Sources */ = {isa = PBXBuildFile; fileRef = 292A6BBF2C5C62530082D6FC /* AlertManager.swift */; };
		292A6BC22C5C6D4F0082D6FC /* PhoneTextFieldDelegate.swift in Sources */ = {isa = PBXBuildFile; fileRef = 292A6BC12C5C6D4F0082D6FC /* PhoneTextFieldDelegate.swift */; };
		292A6BC42C5C6EB00082D6FC /* KeyboardHandler.swift in Sources */ = {isa = PBXBuildFile; fileRef = 292A6BC32C5C6EB00082D6FC /* KeyboardHandler.swift */; };
		292A6BC62C5C72220082D6FC /* UIViewController+KeyboardDismissable.swift in Sources */ = {isa = PBXBuildFile; fileRef = 292A6BC52C5C72220082D6FC /* UIViewController+KeyboardDismissable.swift */; };
		292A6BCC2C5C84DC0082D6FC /* UserNameTextFieldDelegate.swift in Sources */ = {isa = PBXBuildFile; fileRef = 292A6BCB2C5C84DC0082D6FC /* UserNameTextFieldDelegate.swift */; };
		292A6BCE2C5C921B0082D6FC /* PhoneValidator.swift in Sources */ = {isa = PBXBuildFile; fileRef = 292A6BCD2C5C921B0082D6FC /* PhoneValidator.swift */; };
		292A6BD22C6027590082D6FC /* Localizable.xcstrings in Resources */ = {isa = PBXBuildFile; fileRef = 292A6BD12C6027590082D6FC /* Localizable.xcstrings */; };
		292A6BD42C6027870082D6FC /* Localizable.swift in Sources */ = {isa = PBXBuildFile; fileRef = 292A6BD32C6027870082D6FC /* Localizable.swift */; };
		292A6BD62C6029AA0082D6FC /* String+localized.swift in Sources */ = {isa = PBXBuildFile; fileRef = 292A6BD52C6029AA0082D6FC /* String+localized.swift */; };
		292A6BD82C6036230082D6FC /* DatePickerView.xib in Resources */ = {isa = PBXBuildFile; fileRef = 292A6BD72C6036230082D6FC /* DatePickerView.xib */; };
		292A6BDA2C6036300082D6FC /* DatePickerView.swift in Sources */ = {isa = PBXBuildFile; fileRef = 292A6BD92C6036300082D6FC /* DatePickerView.swift */; };
/* End PBXBuildFile section */

/* Begin PBXFileReference section */
		292A6B742C5B40900082D6FC /* EditPage.app */ = {isa = PBXFileReference; explicitFileType = wrapper.application; includeInIndex = 0; path = EditPage.app; sourceTree = BUILT_PRODUCTS_DIR; };
		292A6B772C5B40900082D6FC /* AppDelegate.swift */ = {isa = PBXFileReference; lastKnownFileType = sourcecode.swift; path = AppDelegate.swift; sourceTree = "<group>"; };
		292A6B792C5B40900082D6FC /* SceneDelegate.swift */ = {isa = PBXFileReference; lastKnownFileType = sourcecode.swift; path = SceneDelegate.swift; sourceTree = "<group>"; };
		292A6B7B2C5B40900082D6FC /* EditPageVC.swift */ = {isa = PBXFileReference; lastKnownFileType = sourcecode.swift; path = EditPageVC.swift; sourceTree = "<group>"; };
		292A6B7E2C5B40900082D6FC /* Base */ = {isa = PBXFileReference; lastKnownFileType = file.storyboard; name = Base; path = Base.lproj/Main.storyboard; sourceTree = "<group>"; };
		292A6B802C5B40920082D6FC /* Assets.xcassets */ = {isa = PBXFileReference; lastKnownFileType = folder.assetcatalog; path = Assets.xcassets; sourceTree = "<group>"; };
		292A6B832C5B40920082D6FC /* Base */ = {isa = PBXFileReference; lastKnownFileType = file.storyboard; name = Base; path = Base.lproj/LaunchScreen.storyboard; sourceTree = "<group>"; };
		292A6B852C5B40920082D6FC /* Info.plist */ = {isa = PBXFileReference; lastKnownFileType = text.plist.xml; path = Info.plist; sourceTree = "<group>"; };
		292A6B902C5B41D10082D6FC /* EditPageVM.swift */ = {isa = PBXFileReference; lastKnownFileType = sourcecode.swift; path = EditPageVM.swift; sourceTree = "<group>"; };
		292A6B922C5B41D80082D6FC /* PEditPageVM.swift */ = {isa = PBXFileReference; lastKnownFileType = sourcecode.swift; path = PEditPageVM.swift; sourceTree = "<group>"; };
		292A6B942C5B42070082D6FC /* UserCredentials.swift */ = {isa = PBXFileReference; lastKnownFileType = sourcecode.swift; path = UserCredentials.swift; sourceTree = "<group>"; };
		292A6B972C5BA0B50082D6FC /* EditNavigationView.swift */ = {isa = PBXFileReference; lastKnownFileType = sourcecode.swift; path = EditNavigationView.swift; sourceTree = "<group>"; };
		292A6B9B2C5BA5CF0082D6FC /* EditNavigationView.xib */ = {isa = PBXFileReference; lastKnownFileType = file.xib; path = EditNavigationView.xib; sourceTree = "<group>"; };
		292A6BA22C5BBBBA0082D6FC /* EditAvatarView.xib */ = {isa = PBXFileReference; lastKnownFileType = file.xib; path = EditAvatarView.xib; sourceTree = "<group>"; };
		292A6BA42C5BBBC40082D6FC /* EditAvatarView.swift */ = {isa = PBXFileReference; lastKnownFileType = sourcecode.swift; path = EditAvatarView.swift; sourceTree = "<group>"; };
		292A6BA62C5BC4A20082D6FC /* ImagePicker.swift */ = {isa = PBXFileReference; lastKnownFileType = sourcecode.swift; path = ImagePicker.swift; sourceTree = "<group>"; };
		292A6BA92C5BCD3E0082D6FC /* PValidator.swift */ = {isa = PBXFileReference; lastKnownFileType = sourcecode.swift; path = PValidator.swift; sourceTree = "<group>"; };
		292A6BAB2C5BCF980082D6FC /* KeychainManager.swift */ = {isa = PBXFileReference; lastKnownFileType = sourcecode.swift; path = KeychainManager.swift; sourceTree = "<group>"; };
		292A6BAF2C5BD0790082D6FC /* EditFileManager.swift */ = {isa = PBXFileReference; lastKnownFileType = sourcecode.swift; path = EditFileManager.swift; sourceTree = "<group>"; };
		292A6BB22C5C2B520082D6FC /* EditTextFieldView.xib */ = {isa = PBXFileReference; lastKnownFileType = file.xib; path = EditTextFieldView.xib; sourceTree = "<group>"; };
		292A6BB42C5C2B590082D6FC /* EditTextFieldView.swift */ = {isa = PBXFileReference; lastKnownFileType = sourcecode.swift; path = EditTextFieldView.swift; sourceTree = "<group>"; };
		292A6BB72C5C2D0E0082D6FC /* PaddedTextField.swift */ = {isa = PBXFileReference; lastKnownFileType = sourcecode.swift; path = PaddedTextField.swift; sourceTree = "<group>"; };
		292A6BB92C5C559B0082D6FC /* AgeValidator.swift */ = {isa = PBXFileReference; lastKnownFileType = sourcecode.swift; path = AgeValidator.swift; sourceTree = "<group>"; };
		292A6BBD2C5C55F70082D6FC /* PhotoSizeValidator.swift */ = {isa = PBXFileReference; lastKnownFileType = sourcecode.swift; path = PhotoSizeValidator.swift; sourceTree = "<group>"; };
		292A6BBF2C5C62530082D6FC /* AlertManager.swift */ = {isa = PBXFileReference; lastKnownFileType = sourcecode.swift; path = AlertManager.swift; sourceTree = "<group>"; };
		292A6BC12C5C6D4F0082D6FC /* PhoneTextFieldDelegate.swift */ = {isa = PBXFileReference; lastKnownFileType = sourcecode.swift; path = PhoneTextFieldDelegate.swift; sourceTree = "<group>"; };
		292A6BC32C5C6EB00082D6FC /* KeyboardHandler.swift */ = {isa = PBXFileReference; lastKnownFileType = sourcecode.swift; path = KeyboardHandler.swift; sourceTree = "<group>"; };
		292A6BC52C5C72220082D6FC /* UIViewController+KeyboardDismissable.swift */ = {isa = PBXFileReference; lastKnownFileType = sourcecode.swift; path = "UIViewController+KeyboardDismissable.swift"; sourceTree = "<group>"; };
		292A6BCB2C5C84DC0082D6FC /* UserNameTextFieldDelegate.swift */ = {isa = PBXFileReference; lastKnownFileType = sourcecode.swift; path = UserNameTextFieldDelegate.swift; sourceTree = "<group>"; };
		292A6BCD2C5C921B0082D6FC /* PhoneValidator.swift */ = {isa = PBXFileReference; lastKnownFileType = sourcecode.swift; path = PhoneValidator.swift; sourceTree = "<group>"; };
		292A6BD12C6027590082D6FC /* Localizable.xcstrings */ = {isa = PBXFileReference; lastKnownFileType = text.json.xcstrings; path = Localizable.xcstrings; sourceTree = "<group>"; };
		292A6BD32C6027870082D6FC /* Localizable.swift */ = {isa = PBXFileReference; lastKnownFileType = sourcecode.swift; path = Localizable.swift; sourceTree = "<group>"; };
		292A6BD52C6029AA0082D6FC /* String+localized.swift */ = {isa = PBXFileReference; lastKnownFileType = sourcecode.swift; path = "String+localized.swift"; sourceTree = "<group>"; };
		292A6BD72C6036230082D6FC /* DatePickerView.xib */ = {isa = PBXFileReference; lastKnownFileType = file.xib; path = DatePickerView.xib; sourceTree = "<group>"; };
		292A6BD92C6036300082D6FC /* DatePickerView.swift */ = {isa = PBXFileReference; lastKnownFileType = sourcecode.swift; path = DatePickerView.swift; sourceTree = "<group>"; };
/* End PBXFileReference section */

/* Begin PBXFrameworksBuildPhase section */
		292A6B712C5B40900082D6FC /* Frameworks */ = {
			isa = PBXFrameworksBuildPhase;
			buildActionMask = 2147483647;
			files = (
			);
			runOnlyForDeploymentPostprocessing = 0;
		};
/* End PBXFrameworksBuildPhase section */

/* Begin PBXGroup section */
		292A6B6B2C5B40900082D6FC = {
			isa = PBXGroup;
			children = (
				292A6B762C5B40900082D6FC /* EditPage */,
				292A6B752C5B40900082D6FC /* Products */,
			);
			sourceTree = "<group>";
		};
		292A6B752C5B40900082D6FC /* Products */ = {
			isa = PBXGroup;
			children = (
				292A6B742C5B40900082D6FC /* EditPage.app */,
			);
			name = Products;
			sourceTree = "<group>";
		};
		292A6B762C5B40900082D6FC /* EditPage */ = {
			isa = PBXGroup;
			children = (
				292A6B772C5B40900082D6FC /* AppDelegate.swift */,
				292A6B792C5B40900082D6FC /* SceneDelegate.swift */,
				292A6B8B2C5B417D0082D6FC /* EditPageFlow */,
				292A6B9D2C5BB16F0082D6FC /* Extensions */,
				292A6BD02C6027310082D6FC /* Localizable */,
				292A6BCF2C60271D0082D6FC /* Misc */,
				292A6B852C5B40920082D6FC /* Info.plist */,
			);
			path = EditPage;
			sourceTree = "<group>";
		};
		292A6B8B2C5B417D0082D6FC /* EditPageFlow */ = {
			isa = PBXGroup;
			children = (
				292A6BA82C5BCD2A0082D6FC /* Validators */,
				292A6B8F2C5B41920082D6FC /* Helpers */,
				292A6B962C5BA0970082D6FC /* Subviews */,
				292A6B8E2C5B418E0082D6FC /* Models */,
				292A6B8D2C5B418B0082D6FC /* ViewModel */,
				292A6B8C2C5B41850082D6FC /* ViewController */,
			);
			path = EditPageFlow;
			sourceTree = "<group>";
		};
		292A6B8C2C5B41850082D6FC /* ViewController */ = {
			isa = PBXGroup;
			children = (
				292A6B7B2C5B40900082D6FC /* EditPageVC.swift */,
			);
			path = ViewController;
			sourceTree = "<group>";
		};
		292A6B8D2C5B418B0082D6FC /* ViewModel */ = {
			isa = PBXGroup;
			children = (
				292A6B922C5B41D80082D6FC /* PEditPageVM.swift */,
				292A6B902C5B41D10082D6FC /* EditPageVM.swift */,
			);
			path = ViewModel;
			sourceTree = "<group>";
		};
		292A6B8E2C5B418E0082D6FC /* Models */ = {
			isa = PBXGroup;
			children = (
				292A6B942C5B42070082D6FC /* UserCredentials.swift */,
			);
			path = Models;
			sourceTree = "<group>";
		};
		292A6B8F2C5B41920082D6FC /* Helpers */ = {
			isa = PBXGroup;
			children = (
				292A6BA62C5BC4A20082D6FC /* ImagePicker.swift */,
				292A6BAB2C5BCF980082D6FC /* KeychainManager.swift */,
				292A6BAF2C5BD0790082D6FC /* EditFileManager.swift */,
				292A6BC32C5C6EB00082D6FC /* KeyboardHandler.swift */,
				292A6BBF2C5C62530082D6FC /* AlertManager.swift */,
			);
			path = Helpers;
			sourceTree = "<group>";
		};
		292A6B962C5BA0970082D6FC /* Subviews */ = {
			isa = PBXGroup;
			children = (
				292A6BDB2C603B2D0082D6FC /* DatePickerView */,
				292A6BB62C5C2D020082D6FC /* PaddedTextField */,
				292A6BB12C5C2B3C0082D6FC /* EditTextFieldView */,
				292A6BA02C5BBB840082D6FC /* EditNavigationView */,
				292A6BA12C5BBB8D0082D6FC /* EditAvatarView */,
			);
			path = Subviews;
			sourceTree = "<group>";
		};
		292A6B9D2C5BB16F0082D6FC /* Extensions */ = {
			isa = PBXGroup;
			children = (
				292A6BC52C5C72220082D6FC /* UIViewController+KeyboardDismissable.swift */,
				292A6BD52C6029AA0082D6FC /* String+localized.swift */,
			);
			path = Extensions;
			sourceTree = "<group>";
		};
		292A6BA02C5BBB840082D6FC /* EditNavigationView */ = {
			isa = PBXGroup;
			children = (
				292A6B972C5BA0B50082D6FC /* EditNavigationView.swift */,
				292A6B9B2C5BA5CF0082D6FC /* EditNavigationView.xib */,
			);
			path = EditNavigationView;
			sourceTree = "<group>";
		};
		292A6BA12C5BBB8D0082D6FC /* EditAvatarView */ = {
			isa = PBXGroup;
			children = (
				292A6BA22C5BBBBA0082D6FC /* EditAvatarView.xib */,
				292A6BA42C5BBBC40082D6FC /* EditAvatarView.swift */,
			);
			path = EditAvatarView;
			sourceTree = "<group>";
		};
		292A6BA82C5BCD2A0082D6FC /* Validators */ = {
			isa = PBXGroup;
			children = (
				292A6BA92C5BCD3E0082D6FC /* PValidator.swift */,
				292A6BB92C5C559B0082D6FC /* AgeValidator.swift */,
				292A6BCD2C5C921B0082D6FC /* PhoneValidator.swift */,
				292A6BBD2C5C55F70082D6FC /* PhotoSizeValidator.swift */,
			);
			path = Validators;
			sourceTree = "<group>";
		};
		292A6BB12C5C2B3C0082D6FC /* EditTextFieldView */ = {
			isa = PBXGroup;
			children = (
				292A6BB22C5C2B520082D6FC /* EditTextFieldView.xib */,
				292A6BB42C5C2B590082D6FC /* EditTextFieldView.swift */,
			);
			path = EditTextFieldView;
			sourceTree = "<group>";
		};
		292A6BB62C5C2D020082D6FC /* PaddedTextField */ = {
			isa = PBXGroup;
			children = (
				292A6BB72C5C2D0E0082D6FC /* PaddedTextField.swift */,
				292A6BC12C5C6D4F0082D6FC /* PhoneTextFieldDelegate.swift */,
				292A6BCB2C5C84DC0082D6FC /* UserNameTextFieldDelegate.swift */,
			);
			path = PaddedTextField;
			sourceTree = "<group>";
		};
		292A6BCF2C60271D0082D6FC /* Misc */ = {
			isa = PBXGroup;
			children = (
				292A6B7D2C5B40900082D6FC /* Main.storyboard */,
				292A6B802C5B40920082D6FC /* Assets.xcassets */,
				292A6B822C5B40920082D6FC /* LaunchScreen.storyboard */,
			);
			path = Misc;
			sourceTree = "<group>";
		};
		292A6BD02C6027310082D6FC /* Localizable */ = {
			isa = PBXGroup;
			children = (
				292A6BD12C6027590082D6FC /* Localizable.xcstrings */,
				292A6BD32C6027870082D6FC /* Localizable.swift */,
			);
			path = Localizable;
			sourceTree = "<group>";
		};
		292A6BDB2C603B2D0082D6FC /* DatePickerView */ = {
			isa = PBXGroup;
			children = (
				292A6BD72C6036230082D6FC /* DatePickerView.xib */,
				292A6BD92C6036300082D6FC /* DatePickerView.swift */,
			);
			path = DatePickerView;
			sourceTree = "<group>";
		};
/* End PBXGroup section */

/* Begin PBXNativeTarget section */
		292A6B732C5B40900082D6FC /* EditPage */ = {
			isa = PBXNativeTarget;
			buildConfigurationList = 292A6B882C5B40920082D6FC /* Build configuration list for PBXNativeTarget "EditPage" */;
			buildPhases = (
				292A6B702C5B40900082D6FC /* Sources */,
				292A6B712C5B40900082D6FC /* Frameworks */,
				292A6B722C5B40900082D6FC /* Resources */,
			);
			buildRules = (
			);
			dependencies = (
			);
			name = EditPage;
			productName = EditPage;
			productReference = 292A6B742C5B40900082D6FC /* EditPage.app */;
			productType = "com.apple.product-type.application";
		};
/* End PBXNativeTarget section */

/* Begin PBXProject section */
		292A6B6C2C5B40900082D6FC /* Project object */ = {
			isa = PBXProject;
			attributes = {
				BuildIndependentTargetsInParallel = 1;
				LastSwiftUpdateCheck = 1530;
				LastUpgradeCheck = 1530;
				TargetAttributes = {
					292A6B732C5B40900082D6FC = {
						CreatedOnToolsVersion = 15.3;
					};
				};
			};
			buildConfigurationList = 292A6B6F2C5B40900082D6FC /* Build configuration list for PBXProject "EditPage" */;
			compatibilityVersion = "Xcode 14.0";
			developmentRegion = en;
			hasScannedForEncodings = 0;
			knownRegions = (
				en,
				Base,
			);
			mainGroup = 292A6B6B2C5B40900082D6FC;
			productRefGroup = 292A6B752C5B40900082D6FC /* Products */;
			projectDirPath = "";
			projectRoot = "";
			targets = (
				292A6B732C5B40900082D6FC /* EditPage */,
			);
		};
/* End PBXProject section */

/* Begin PBXResourcesBuildPhase section */
		292A6B722C5B40900082D6FC /* Resources */ = {
			isa = PBXResourcesBuildPhase;
			buildActionMask = 2147483647;
			files = (
				292A6B9C2C5BA5CF0082D6FC /* EditNavigationView.xib in Resources */,
				292A6B812C5B40920082D6FC /* Assets.xcassets in Resources */,
				292A6BD82C6036230082D6FC /* DatePickerView.xib in Resources */,
				292A6BA32C5BBBBA0082D6FC /* EditAvatarView.xib in Resources */,
				292A6B842C5B40920082D6FC /* Base in Resources */,
				292A6BB32C5C2B520082D6FC /* EditTextFieldView.xib in Resources */,
				292A6BD22C6027590082D6FC /* Localizable.xcstrings in Resources */,
				292A6B7F2C5B40900082D6FC /* Base in Resources */,
			);
			runOnlyForDeploymentPostprocessing = 0;
		};
/* End PBXResourcesBuildPhase section */

/* Begin PBXSourcesBuildPhase section */
		292A6B702C5B40900082D6FC /* Sources */ = {
			isa = PBXSourcesBuildPhase;
			buildActionMask = 2147483647;
			files = (
				292A6B932C5B41D80082D6FC /* PEditPageVM.swift in Sources */,
				292A6BB52C5C2B590082D6FC /* EditTextFieldView.swift in Sources */,
				292A6B992C5BA0B50082D6FC /* EditNavigationView.swift in Sources */,
				292A6B7C2C5B40900082D6FC /* EditPageVC.swift in Sources */,
				292A6BA72C5BC4A20082D6FC /* ImagePicker.swift in Sources */,
				292A6B912C5B41D10082D6FC /* EditPageVM.swift in Sources */,
				292A6BCE2C5C921B0082D6FC /* PhoneValidator.swift in Sources */,
				292A6BCC2C5C84DC0082D6FC /* UserNameTextFieldDelegate.swift in Sources */,
				292A6B782C5B40900082D6FC /* AppDelegate.swift in Sources */,
				292A6BAC2C5BCF980082D6FC /* KeychainManager.swift in Sources */,
				292A6BC02C5C62530082D6FC /* AlertManager.swift in Sources */,
				292A6BC22C5C6D4F0082D6FC /* PhoneTextFieldDelegate.swift in Sources */,
				292A6BC62C5C72220082D6FC /* UIViewController+KeyboardDismissable.swift in Sources */,
				292A6BBE2C5C55F70082D6FC /* PhotoSizeValidator.swift in Sources */,
				292A6BB02C5BD0790082D6FC /* EditFileManager.swift in Sources */,
				292A6B7A2C5B40900082D6FC /* SceneDelegate.swift in Sources */,
				292A6BD62C6029AA0082D6FC /* String+localized.swift in Sources */,
				292A6BAA2C5BCD3E0082D6FC /* PValidator.swift in Sources */,
				292A6B952C5B42070082D6FC /* UserCredentials.swift in Sources */,
				292A6BC42C5C6EB00082D6FC /* KeyboardHandler.swift in Sources */,
				292A6BA52C5BBBC40082D6FC /* EditAvatarView.swift in Sources */,
				292A6BDA2C6036300082D6FC /* DatePickerView.swift in Sources */,
				292A6BBA2C5C559B0082D6FC /* AgeValidator.swift in Sources */,
				292A6BD42C6027870082D6FC /* Localizable.swift in Sources */,
				292A6BB82C5C2D0E0082D6FC /* PaddedTextField.swift in Sources */,
			);
			runOnlyForDeploymentPostprocessing = 0;
		};
/* End PBXSourcesBuildPhase section */

/* Begin PBXVariantGroup section */
		292A6B7D2C5B40900082D6FC /* Main.storyboard */ = {
			isa = PBXVariantGroup;
			children = (
				292A6B7E2C5B40900082D6FC /* Base */,
			);
			name = Main.storyboard;
			sourceTree = "<group>";
		};
		292A6B822C5B40920082D6FC /* LaunchScreen.storyboard */ = {
			isa = PBXVariantGroup;
			children = (
				292A6B832C5B40920082D6FC /* Base */,
			);
			name = LaunchScreen.storyboard;
			sourceTree = "<group>";
		};
/* End PBXVariantGroup section */

/* Begin XCBuildConfiguration section */
		292A6B862C5B40920082D6FC /* Debug */ = {
			isa = XCBuildConfiguration;
			buildSettings = {
				ALWAYS_SEARCH_USER_PATHS = NO;
				ASSETCATALOG_COMPILER_GENERATE_SWIFT_ASSET_SYMBOL_EXTENSIONS = YES;
				CLANG_ANALYZER_NONNULL = YES;
				CLANG_ANALYZER_NUMBER_OBJECT_CONVERSION = YES_AGGRESSIVE;
				CLANG_CXX_LANGUAGE_STANDARD = "gnu++20";
				CLANG_ENABLE_MODULES = YES;
				CLANG_ENABLE_OBJC_ARC = YES;
				CLANG_ENABLE_OBJC_WEAK = YES;
				CLANG_WARN_BLOCK_CAPTURE_AUTORELEASING = YES;
				CLANG_WARN_BOOL_CONVERSION = YES;
				CLANG_WARN_COMMA = YES;
				CLANG_WARN_CONSTANT_CONVERSION = YES;
				CLANG_WARN_DEPRECATED_OBJC_IMPLEMENTATIONS = YES;
				CLANG_WARN_DIRECT_OBJC_ISA_USAGE = YES_ERROR;
				CLANG_WARN_DOCUMENTATION_COMMENTS = YES;
				CLANG_WARN_EMPTY_BODY = YES;
				CLANG_WARN_ENUM_CONVERSION = YES;
				CLANG_WARN_INFINITE_RECURSION = YES;
				CLANG_WARN_INT_CONVERSION = YES;
				CLANG_WARN_NON_LITERAL_NULL_CONVERSION = YES;
				CLANG_WARN_OBJC_IMPLICIT_RETAIN_SELF = YES;
				CLANG_WARN_OBJC_LITERAL_CONVERSION = YES;
				CLANG_WARN_OBJC_ROOT_CLASS = YES_ERROR;
				CLANG_WARN_QUOTED_INCLUDE_IN_FRAMEWORK_HEADER = YES;
				CLANG_WARN_RANGE_LOOP_ANALYSIS = YES;
				CLANG_WARN_STRICT_PROTOTYPES = YES;
				CLANG_WARN_SUSPICIOUS_MOVE = YES;
				CLANG_WARN_UNGUARDED_AVAILABILITY = YES_AGGRESSIVE;
				CLANG_WARN_UNREACHABLE_CODE = YES;
				CLANG_WARN__DUPLICATE_METHOD_MATCH = YES;
				COPY_PHASE_STRIP = NO;
				DEBUG_INFORMATION_FORMAT = dwarf;
				ENABLE_STRICT_OBJC_MSGSEND = YES;
				ENABLE_TESTABILITY = YES;
				ENABLE_USER_SCRIPT_SANDBOXING = YES;
				GCC_C_LANGUAGE_STANDARD = gnu17;
				GCC_DYNAMIC_NO_PIC = NO;
				GCC_NO_COMMON_BLOCKS = YES;
				GCC_OPTIMIZATION_LEVEL = 0;
				GCC_PREPROCESSOR_DEFINITIONS = (
					"DEBUG=1",
					"$(inherited)",
				);
				GCC_WARN_64_TO_32_BIT_CONVERSION = YES;
				GCC_WARN_ABOUT_RETURN_TYPE = YES_ERROR;
				GCC_WARN_UNDECLARED_SELECTOR = YES;
				GCC_WARN_UNINITIALIZED_AUTOS = YES_AGGRESSIVE;
				GCC_WARN_UNUSED_FUNCTION = YES;
				GCC_WARN_UNUSED_VARIABLE = YES;
				IPHONEOS_DEPLOYMENT_TARGET = 17.4;
				LOCALIZATION_PREFERS_STRING_CATALOGS = YES;
				MTL_ENABLE_DEBUG_INFO = INCLUDE_SOURCE;
				MTL_FAST_MATH = YES;
				ONLY_ACTIVE_ARCH = YES;
				SDKROOT = iphoneos;
				SWIFT_ACTIVE_COMPILATION_CONDITIONS = "DEBUG $(inherited)";
				SWIFT_OPTIMIZATION_LEVEL = "-Onone";
			};
			name = Debug;
		};
		292A6B872C5B40920082D6FC /* Release */ = {
			isa = XCBuildConfiguration;
			buildSettings = {
				ALWAYS_SEARCH_USER_PATHS = NO;
				ASSETCATALOG_COMPILER_GENERATE_SWIFT_ASSET_SYMBOL_EXTENSIONS = YES;
				CLANG_ANALYZER_NONNULL = YES;
				CLANG_ANALYZER_NUMBER_OBJECT_CONVERSION = YES_AGGRESSIVE;
				CLANG_CXX_LANGUAGE_STANDARD = "gnu++20";
				CLANG_ENABLE_MODULES = YES;
				CLANG_ENABLE_OBJC_ARC = YES;
				CLANG_ENABLE_OBJC_WEAK = YES;
				CLANG_WARN_BLOCK_CAPTURE_AUTORELEASING = YES;
				CLANG_WARN_BOOL_CONVERSION = YES;
				CLANG_WARN_COMMA = YES;
				CLANG_WARN_CONSTANT_CONVERSION = YES;
				CLANG_WARN_DEPRECATED_OBJC_IMPLEMENTATIONS = YES;
				CLANG_WARN_DIRECT_OBJC_ISA_USAGE = YES_ERROR;
				CLANG_WARN_DOCUMENTATION_COMMENTS = YES;
				CLANG_WARN_EMPTY_BODY = YES;
				CLANG_WARN_ENUM_CONVERSION = YES;
				CLANG_WARN_INFINITE_RECURSION = YES;
				CLANG_WARN_INT_CONVERSION = YES;
				CLANG_WARN_NON_LITERAL_NULL_CONVERSION = YES;
				CLANG_WARN_OBJC_IMPLICIT_RETAIN_SELF = YES;
				CLANG_WARN_OBJC_LITERAL_CONVERSION = YES;
				CLANG_WARN_OBJC_ROOT_CLASS = YES_ERROR;
				CLANG_WARN_QUOTED_INCLUDE_IN_FRAMEWORK_HEADER = YES;
				CLANG_WARN_RANGE_LOOP_ANALYSIS = YES;
				CLANG_WARN_STRICT_PROTOTYPES = YES;
				CLANG_WARN_SUSPICIOUS_MOVE = YES;
				CLANG_WARN_UNGUARDED_AVAILABILITY = YES_AGGRESSIVE;
				CLANG_WARN_UNREACHABLE_CODE = YES;
				CLANG_WARN__DUPLICATE_METHOD_MATCH = YES;
				COPY_PHASE_STRIP = NO;
				DEBUG_INFORMATION_FORMAT = "dwarf-with-dsym";
				ENABLE_NS_ASSERTIONS = NO;
				ENABLE_STRICT_OBJC_MSGSEND = YES;
				ENABLE_USER_SCRIPT_SANDBOXING = YES;
				GCC_C_LANGUAGE_STANDARD = gnu17;
				GCC_NO_COMMON_BLOCKS = YES;
				GCC_WARN_64_TO_32_BIT_CONVERSION = YES;
				GCC_WARN_ABOUT_RETURN_TYPE = YES_ERROR;
				GCC_WARN_UNDECLARED_SELECTOR = YES;
				GCC_WARN_UNINITIALIZED_AUTOS = YES_AGGRESSIVE;
				GCC_WARN_UNUSED_FUNCTION = YES;
				GCC_WARN_UNUSED_VARIABLE = YES;
				IPHONEOS_DEPLOYMENT_TARGET = 17.4;
				LOCALIZATION_PREFERS_STRING_CATALOGS = YES;
				MTL_ENABLE_DEBUG_INFO = NO;
				MTL_FAST_MATH = YES;
				SDKROOT = iphoneos;
				SWIFT_COMPILATION_MODE = wholemodule;
				VALIDATE_PRODUCT = YES;
			};
			name = Release;
		};
		292A6B892C5B40920082D6FC /* Debug */ = {
			isa = XCBuildConfiguration;
			buildSettings = {
				ASSETCATALOG_COMPILER_APPICON_NAME = AppIcon;
				ASSETCATALOG_COMPILER_GLOBAL_ACCENT_COLOR_NAME = AccentColor;
				CODE_SIGN_STYLE = Automatic;
				CURRENT_PROJECT_VERSION = 1;
				DEVELOPMENT_TEAM = WDR54724GS;
				GENERATE_INFOPLIST_FILE = YES;
				INFOPLIST_FILE = EditPage/Info.plist;
				INFOPLIST_KEY_UIApplicationSupportsIndirectInputEvents = YES;
				INFOPLIST_KEY_UILaunchStoryboardName = LaunchScreen;
				INFOPLIST_KEY_UIMainStoryboardFile = Main;
				INFOPLIST_KEY_UISupportedInterfaceOrientations_iPad = "UIInterfaceOrientationPortrait UIInterfaceOrientationPortraitUpsideDown UIInterfaceOrientationLandscapeLeft UIInterfaceOrientationLandscapeRight";
				INFOPLIST_KEY_UISupportedInterfaceOrientations_iPhone = "UIInterfaceOrientationPortrait UIInterfaceOrientationLandscapeLeft UIInterfaceOrientationLandscapeRight";
				IPHONEOS_DEPLOYMENT_TARGET = 15.0;
				LD_RUNPATH_SEARCH_PATHS = (
					"$(inherited)",
					"@executable_path/Frameworks",
				);
				MARKETING_VERSION = 1.0;
				PRODUCT_BUNDLE_IDENTIFIER = com.AntonIvchenko.EditPage;
				PRODUCT_NAME = "$(TARGET_NAME)";
				SUPPORTED_PLATFORMS = "iphoneos iphonesimulator";
				SUPPORTS_MACCATALYST = NO;
				SUPPORTS_MAC_DESIGNED_FOR_IPHONE_IPAD = NO;
				SUPPORTS_XR_DESIGNED_FOR_IPHONE_IPAD = NO;
				SWIFT_EMIT_LOC_STRINGS = YES;
				SWIFT_VERSION = 5.0;
				TARGETED_DEVICE_FAMILY = 1;
			};
			name = Debug;
		};
		292A6B8A2C5B40920082D6FC /* Release */ = {
			isa = XCBuildConfiguration;
			buildSettings = {
				ASSETCATALOG_COMPILER_APPICON_NAME = AppIcon;
				ASSETCATALOG_COMPILER_GLOBAL_ACCENT_COLOR_NAME = AccentColor;
				CODE_SIGN_STYLE = Automatic;
				CURRENT_PROJECT_VERSION = 1;
				DEVELOPMENT_TEAM = WDR54724GS;
				GENERATE_INFOPLIST_FILE = YES;
				INFOPLIST_FILE = EditPage/Info.plist;
				INFOPLIST_KEY_UIApplicationSupportsIndirectInputEvents = YES;
				INFOPLIST_KEY_UILaunchStoryboardName = LaunchScreen;
				INFOPLIST_KEY_UIMainStoryboardFile = Main;
				INFOPLIST_KEY_UISupportedInterfaceOrientations_iPad = "UIInterfaceOrientationPortrait UIInterfaceOrientationPortraitUpsideDown UIInterfaceOrientationLandscapeLeft UIInterfaceOrientationLandscapeRight";
				INFOPLIST_KEY_UISupportedInterfaceOrientations_iPhone = "UIInterfaceOrientationPortrait UIInterfaceOrientationLandscapeLeft UIInterfaceOrientationLandscapeRight";
				IPHONEOS_DEPLOYMENT_TARGET = 15.0;
				LD_RUNPATH_SEARCH_PATHS = (
					"$(inherited)",
					"@executable_path/Frameworks",
				);
				MARKETING_VERSION = 1.0;
				PRODUCT_BUNDLE_IDENTIFIER = com.AntonIvchenko.EditPage;
				PRODUCT_NAME = "$(TARGET_NAME)";
				SUPPORTED_PLATFORMS = "iphoneos iphonesimulator";
				SUPPORTS_MACCATALYST = NO;
				SUPPORTS_MAC_DESIGNED_FOR_IPHONE_IPAD = NO;
				SUPPORTS_XR_DESIGNED_FOR_IPHONE_IPAD = NO;
				SWIFT_EMIT_LOC_STRINGS = YES;
				SWIFT_VERSION = 5.0;
				TARGETED_DEVICE_FAMILY = 1;
			};
			name = Release;
		};
/* End XCBuildConfiguration section */

/* Begin XCConfigurationList section */
		292A6B6F2C5B40900082D6FC /* Build configuration list for PBXProject "EditPage" */ = {
			isa = XCConfigurationList;
			buildConfigurations = (
				292A6B862C5B40920082D6FC /* Debug */,
				292A6B872C5B40920082D6FC /* Release */,
			);
			defaultConfigurationIsVisible = 0;
			defaultConfigurationName = Release;
		};
		292A6B882C5B40920082D6FC /* Build configuration list for PBXNativeTarget "EditPage" */ = {
			isa = XCConfigurationList;
			buildConfigurations = (
				292A6B892C5B40920082D6FC /* Debug */,
				292A6B8A2C5B40920082D6FC /* Release */,
			);
			defaultConfigurationIsVisible = 0;
			defaultConfigurationName = Release;
		};
/* End XCConfigurationList section */
	};
	rootObject = 292A6B6C2C5B40900082D6FC /* Project object */;
}
